
Microsoft Visual Studio Solution File, Format Version 12.00
# Visual Studio 15
VisualStudioVersion = 15.0.28010.2041
MinimumVisualStudioVersion = 10.0.40219.1
Project("{FAE04EC0-301F-11D3-BF4B-00C04F79EFBC}") = "RansomNote", "RansomNote\RansomNote.csproj", "{05E06F6D-A70E-4F01-AD50-FC45BCBE1ED1}"
EndProject
Global
	GlobalSection(SolutionConfigurationPlatforms) = preSolution
		Debug|Any CPU = Debug|Any CPU
		Release|Any CPU = Release|Any CPU
	EndGlobalSection
	GlobalSection(ProjectConfigurationPlatforms) = postSolution
		{05E06F6D-A70E-4F01-AD50-FC45BCBE1ED1}.Debug|Any CPU.ActiveCfg = Debug|Any CPU
		{05E06F6D-A70E-4F01-AD50-FC45BCBE1ED1}.Debug|Any CPU.Build.0 = Debug|Any CPU
		{05E06F6D-A70E-4F01-AD50-FC45BCBE1ED1}.Release|Any CPU.ActiveCfg = Release|Any CPU
		{05E06F6D-A70E-4F01-AD50-FC45BCBE1ED1}.Release|Any CPU.Build.0 = Release|Any CPU
	EndGlobalSection
	GlobalSection(SolutionProperties) = preSolution
		HideSolutionNode = FALSE
	EndGlobalSection
	GlobalSection(ExtensibilityGlobals) = postSolution
		SolutionGuid = {5FF5AD0D-DA6C-4172-9CD1-C41668A1AC45}
	EndGlobalSection
EndGlobal
